
Microsoft Visual Studio Solution File, Format Version 12.00
# Visual Studio Version 17
VisualStudioVersion = 17.11.35219.272
MinimumVisualStudioVersion = 10.0.40219.1
Project("{8BC9CEB8-8B4A-11D0-8D11-00A0C91BC942}") = "DijkstraMap", "DijkstraMap\DijkstraMap.vcxproj", "{EE031121-D72B-4F77-B40D-7786436D5950}"
EndProject
Global
	GlobalSection(SolutionConfigurationPlatforms) = preSolution
		Debug|x64 = Debug|x64
		Debug|x86 = Debug|x86
		Release|x64 = Release|x64
		Release|x86 = Release|x86
	EndGlobalSection
	GlobalSection(ProjectConfigurationPlatforms) = postSolution
		{EE031121-D72B-4F77-B40D-7786436D5950}.Debug|x64.ActiveCfg = Debug|x64
		{EE031121-D72B-4F77-B40D-7786436D5950}.Debug|x64.Build.0 = Debug|x64
		{EE031121-D72B-4F77-B40D-7786436D5950}.Debug|x86.ActiveCfg = Debug|Win32
		{EE031121-D72B-4F77-B40D-7786436D5950}.Debug|x86.Build.0 = Debug|Win32
		{EE031121-D72B-4F77-B40D-7786436D5950}.Release|x64.ActiveCfg = Release|x64
		{EE031121-D72B-4F77-B40D-7786436D5950}.Release|x64.Build.0 = Release|x64
		{EE031121-D72B-4F77-B40D-7786436D5950}.Release|x86.ActiveCfg = Release|Win32
		{EE031121-D72B-4F77-B40D-7786436D5950}.Release|x86.Build.0 = Release|Win32
	EndGlobalSection
	GlobalSection(SolutionProperties) = preSolution
		HideSolutionNode = FALSE
	EndGlobalSection
	GlobalSection(ExtensibilityGlobals) = postSolution
		SolutionGuid = {86AC089A-9AA2-4920-B042-7741B9CD1AB7}
	EndGlobalSection
EndGlobal
